
Microsoft Visual Studio Solution File, Format Version 12.00
# Visual Studio 15
VisualStudioVersion = 15.0.27130.0
MinimumVisualStudioVersion = 10.0.40219.1
Project("{FAE04EC0-301F-11D3-BF4B-00C04F79EFBC}") = "WindowsFormsApp1", "WindowsFormsApp1\WindowsFormsApp1.csproj", "{8A6B8C4E-1792-48E9-8911-D344DFD1A235}"
EndProject
Global
	GlobalSection(SolutionConfigurationPlatforms) = preSolution
		Debug|Any CPU = Debug|Any CPU
		Release|Any CPU = Release|Any CPU
	EndGlobalSection
	GlobalSection(ProjectConfigurationPlatforms) = postSolution
		{8A6B8C4E-1792-48E9-8911-D344DFD1A235}.Debug|Any CPU.ActiveCfg = Debug|Any CPU
		{8A6B8C4E-1792-48E9-8911-D344DFD1A235}.Debug|Any CPU.Build.0 = Debug|Any CPU
		{8A6B8C4E-1792-48E9-8911-D344DFD1A235}.Release|Any CPU.ActiveCfg = Release|Any CPU
		{8A6B8C4E-1792-48E9-8911-D344DFD1A235}.Release|Any CPU.Build.0 = Release|Any CPU
	EndGlobalSection
	GlobalSection(SolutionProperties) = preSolution
		HideSolutionNode = FALSE
	EndGlobalSection
	GlobalSection(ExtensibilityGlobals) = postSolution
		SolutionGuid = {6BBCF12E-7EE7-4CF1-895C-4C3B122B176B}
	EndGlobalSection
EndGlobal
