
Microsoft Visual Studio Solution File, Format Version 12.00
# Visual Studio 15
VisualStudioVersion = 15.0.28307.168
MinimumVisualStudioVersion = 10.0.40219.1
Project("{FAE04EC0-301F-11D3-BF4B-00C04F79EFBC}") = "IntegratedCircuitEmulator", "IntegratedCircuitEmulator\IntegratedCircuitEmulator.csproj", "{DB8D7629-0988-4AFB-BBD9-CBC8850B0B98}"
EndProject
Global
	GlobalSection(SolutionConfigurationPlatforms) = preSolution
		Debug|Any CPU = Debug|Any CPU
		Release|Any CPU = Release|Any CPU
	EndGlobalSection
	GlobalSection(ProjectConfigurationPlatforms) = postSolution
		{DB8D7629-0988-4AFB-BBD9-CBC8850B0B98}.Debug|Any CPU.ActiveCfg = Debug|Any CPU
		{DB8D7629-0988-4AFB-BBD9-CBC8850B0B98}.Debug|Any CPU.Build.0 = Debug|Any CPU
		{DB8D7629-0988-4AFB-BBD9-CBC8850B0B98}.Release|Any CPU.ActiveCfg = Release|Any CPU
		{DB8D7629-0988-4AFB-BBD9-CBC8850B0B98}.Release|Any CPU.Build.0 = Release|Any CPU
	EndGlobalSection
	GlobalSection(SolutionProperties) = preSolution
		HideSolutionNode = FALSE
	EndGlobalSection
	GlobalSection(ExtensibilityGlobals) = postSolution
		SolutionGuid = {92416532-6C95-49C8-996C-ED93F087F7DE}
	EndGlobalSection
EndGlobal
