
Microsoft Visual Studio Solution File, Format Version 12.00
# Visual Studio 15
VisualStudioVersion = 15.0.27130.0
MinimumVisualStudioVersion = 10.0.40219.1
Project("{8BC9CEB8-8B4A-11D0-8D11-00A0C91BC942}") = "Project1", "Project1\Project1.vcxproj", "{69D1ACA1-04C4-438D-8F46-A6A830BF9E88}"
EndProject
Global
	GlobalSection(SolutionConfigurationPlatforms) = preSolution
		Debug|x64 = Debug|x64
		Debug|x86 = Debug|x86
		Release|x64 = Release|x64
		Release|x86 = Release|x86
	EndGlobalSection
	GlobalSection(ProjectConfigurationPlatforms) = postSolution
		{69D1ACA1-04C4-438D-8F46-A6A830BF9E88}.Debug|x64.ActiveCfg = Debug|x64
		{69D1ACA1-04C4-438D-8F46-A6A830BF9E88}.Debug|x64.Build.0 = Debug|x64
		{69D1ACA1-04C4-438D-8F46-A6A830BF9E88}.Debug|x86.ActiveCfg = Debug|Win32
		{69D1ACA1-04C4-438D-8F46-A6A830BF9E88}.Debug|x86.Build.0 = Debug|Win32
		{69D1ACA1-04C4-438D-8F46-A6A830BF9E88}.Release|x64.ActiveCfg = Release|x64
		{69D1ACA1-04C4-438D-8F46-A6A830BF9E88}.Release|x64.Build.0 = Release|x64
		{69D1ACA1-04C4-438D-8F46-A6A830BF9E88}.Release|x86.ActiveCfg = Release|Win32
		{69D1ACA1-04C4-438D-8F46-A6A830BF9E88}.Release|x86.Build.0 = Release|Win32
	EndGlobalSection
	GlobalSection(SolutionProperties) = preSolution
		HideSolutionNode = FALSE
	EndGlobalSection
	GlobalSection(ExtensibilityGlobals) = postSolution
		SolutionGuid = {C5076F30-7823-4D2C-8545-73F9D341FBA9}
	EndGlobalSection
EndGlobal
