
Microsoft Visual Studio Solution File, Format Version 12.00
# Visual Studio 15
VisualStudioVersion = 15.0.28307.168
MinimumVisualStudioVersion = 10.0.40219.1
Project("{FAE04EC0-301F-11D3-BF4B-00C04F79EFBC}") = "CryptographicApplication", "CryptographicApplication\CryptographicApplication.csproj", "{1E23C9A0-DE61-494E-9487-F8DF3B5B4B99}"
EndProject
Global
	GlobalSection(SolutionConfigurationPlatforms) = preSolution
		Debug|Any CPU = Debug|Any CPU
		Release|Any CPU = Release|Any CPU
	EndGlobalSection
	GlobalSection(ProjectConfigurationPlatforms) = postSolution
		{1E23C9A0-DE61-494E-9487-F8DF3B5B4B99}.Debug|Any CPU.ActiveCfg = Debug|Any CPU
		{1E23C9A0-DE61-494E-9487-F8DF3B5B4B99}.Debug|Any CPU.Build.0 = Debug|Any CPU
		{1E23C9A0-DE61-494E-9487-F8DF3B5B4B99}.Release|Any CPU.ActiveCfg = Release|Any CPU
		{1E23C9A0-DE61-494E-9487-F8DF3B5B4B99}.Release|Any CPU.Build.0 = Release|Any CPU
	EndGlobalSection
	GlobalSection(SolutionProperties) = preSolution
		HideSolutionNode = FALSE
	EndGlobalSection
	GlobalSection(ExtensibilityGlobals) = postSolution
		SolutionGuid = {58701CE4-94B2-4578-853A-8966E3D39A47}
	EndGlobalSection
EndGlobal
